schema: '2.0'
stages:
  train_model:
    cmd: python training_code/train.py
    deps:
    - path: classification_dataset
      hash: md5
      md5: 1658c20fe5e72d67e6537c92e6d10fcc.dir
      size: 224158391
      nfiles: 5180
    - path: config.yml
      hash: md5
      md5: 437cb0ed5e806a3a2736bc57fd2b2653
      size: 643
    - path: training_code/train.py
      hash: md5
      md5: 12e28d4911d00795f90ec109d6c1325d
      size: 16704
    outs:
    - path: ckpts/binary_checkpoint_epoch1.pth
      hash: md5
      md5: ca1ecee64b330f15fdc9d375598f925c
      size: 515589742
    - path: metrics.json
      hash: md5
      md5: 518f153081515e40b431c3c1b9f28b54
      size: 142
