schema: '2.0'
stages:
  train_model:
    cmd: python training_code/train.py
    deps:
    - path: classification_dataset
      hash: md5
      md5: 1658c20fe5e72d67e6537c92e6d10fcc.dir
      size: 224158391
      nfiles: 5180
    - path: config.yml
      hash: md5
      md5: e9711a5324d13183ff8a49a2a22b68ae
      size: 643
    - path: training_code/train.py
      hash: md5
      md5: 80c8ee50a04d5421a4beed7e04ac50fe
      size: 16704
    outs:
    - path: ckpts/binary_checkpoint_epoch1.pth
      hash: md5
      md5: a71028bb110c880316d657ee790f6496
      size: 515589742
    - path: metrics.json
      hash: md5
      md5: b707d2682afbfa1c7fbabe271f2e096f
      size: 141
